// !$*UTF8*$!
{
	archiveVersion = 1;
	classes = {
	};
	objectVersion = 55;
	objects = {

/* Begin PBXBuildFile section */
		1923633F278FD02D00A8F1D2 /* LocalizationApp.swift in Sources */ = {isa = PBXBuildFile; fileRef = 1923633E278FD02D00A8F1D2 /* LocalizationApp.swift */; };
		19236341278FD02D00A8F1D2 /* ContentView.swift in Sources */ = {isa = PBXBuildFile; fileRef = 19236340278FD02D00A8F1D2 /* ContentView.swift */; };
		19236343278FD02E00A8F1D2 /* Assets.xcassets in Resources */ = {isa = PBXBuildFile; fileRef = 19236342278FD02E00A8F1D2 /* Assets.xcassets */; };
		19236346278FD02E00A8F1D2 /* Preview Assets.xcassets in Resources */ = {isa = PBXBuildFile; fileRef = 19236345278FD02E00A8F1D2 /* Preview Assets.xcassets */; };
		19F8584527951A390044129B /* Module1.framework in Frameworks */ = {isa = PBXBuildFile; fileRef = 19236385278FD18F00A8F1D2 /* Module1.framework */; };
		19F8584627951A390044129B /* Module1.framework in Embed Frameworks */ = {isa = PBXBuildFile; fileRef = 19236385278FD18F00A8F1D2 /* Module1.framework */; settings = {ATTRIBUTES = (RemoveHeadersOnCopy, ); }; };
		19F8584827951A3B0044129B /* Module2.framework in Frameworks */ = {isa = PBXBuildFile; fileRef = 1923638B278FD19B00A8F1D2 /* Module2.framework */; };
		19F8584927951A3B0044129B /* Module2.framework in Embed Frameworks */ = {isa = PBXBuildFile; fileRef = 1923638B278FD19B00A8F1D2 /* Module2.framework */; settings = {ATTRIBUTES = (RemoveHeadersOnCopy, ); }; };
		7E0CEBDA27964C0A00E9DE5B /* Localization-InfoPlist.strings in Resources */ = {isa = PBXBuildFile; fileRef = 7E0CEBD627964C0A00E9DE5B /* Localization-InfoPlist.strings */; };
		7E0CEBDB27964C0A00E9DE5B /* Localizable.strings in Resources */ = {isa = PBXBuildFile; fileRef = 7E0CEBD827964C0A00E9DE5B /* Localizable.strings */; };
/* End PBXBuildFile section */

/* Begin PBXContainerItemProxy section */
		19236384278FD18F00A8F1D2 /* PBXContainerItemProxy */ = {
			isa = PBXContainerItemProxy;
			containerPortal = 19236380278FD18F00A8F1D2 /* Module1.xcodeproj */;
			proxyType = 2;
			remoteGlobalIDString = 19236356278FD12700A8F1D2;
			remoteInfo = Module1;
		};
		1923638A278FD19B00A8F1D2 /* PBXContainerItemProxy */ = {
			isa = PBXContainerItemProxy;
			containerPortal = 19236386278FD19B00A8F1D2 /* Module2.xcodeproj */;
			proxyType = 2;
			remoteGlobalIDString = 19236370278FD16300A8F1D2;
			remoteInfo = Module2;
		};
		1923638E278FD32800A8F1D2 /* PBXContainerItemProxy */ = {
			isa = PBXContainerItemProxy;
			containerPortal = 19236380278FD18F00A8F1D2 /* Module1.xcodeproj */;
			proxyType = 1;
			remoteGlobalIDString = 19236355278FD12700A8F1D2;
			remoteInfo = Module1;
		};
		19236390278FD32C00A8F1D2 /* PBXContainerItemProxy */ = {
			isa = PBXContainerItemProxy;
			containerPortal = 19236386278FD19B00A8F1D2 /* Module2.xcodeproj */;
			proxyType = 1;
			remoteGlobalIDString = 1923636F278FD16300A8F1D2;
			remoteInfo = Module2;
		};
/* End PBXContainerItemProxy section */

/* Begin PBXCopyFilesBuildPhase section */
		19F8584727951A390044129B /* Embed Frameworks */ = {
			isa = PBXCopyFilesBuildPhase;
			buildActionMask = 2147483647;
			dstPath = "";
			dstSubfolderSpec = 10;
			files = (
				19F8584627951A390044129B /* Module1.framework in Embed Frameworks */,
				19F8584927951A3B0044129B /* Module2.framework in Embed Frameworks */,
			);
			name = "Embed Frameworks";
			runOnlyForDeploymentPostprocessing = 0;
		};
/* End PBXCopyFilesBuildPhase section */

/* Begin PBXFileReference section */
		1923633B278FD02D00A8F1D2 /* Localization.app */ = {isa = PBXFileReference; explicitFileType = wrapper.application; includeInIndex = 0; path = Localization.app; sourceTree = BUILT_PRODUCTS_DIR; };
		1923633E278FD02D00A8F1D2 /* LocalizationApp.swift */ = {isa = PBXFileReference; lastKnownFileType = sourcecode.swift; path = LocalizationApp.swift; sourceTree = "<group>"; };
		19236340278FD02D00A8F1D2 /* ContentView.swift */ = {isa = PBXFileReference; lastKnownFileType = sourcecode.swift; path = ContentView.swift; sourceTree = "<group>"; };
		19236342278FD02E00A8F1D2 /* Assets.xcassets */ = {isa = PBXFileReference; lastKnownFileType = folder.assetcatalog; path = Assets.xcassets; sourceTree = "<group>"; };
		19236345278FD02E00A8F1D2 /* Preview Assets.xcassets */ = {isa = PBXFileReference; lastKnownFileType = folder.assetcatalog; path = "Preview Assets.xcassets"; sourceTree = "<group>"; };
		19236380278FD18F00A8F1D2 /* Module1.xcodeproj */ = {isa = PBXFileReference; lastKnownFileType = "wrapper.pb-project"; name = Module1.xcodeproj; path = ../Libraries/Module1/Module1.xcodeproj; sourceTree = "<group>"; };
		19236386278FD19B00A8F1D2 /* Module2.xcodeproj */ = {isa = PBXFileReference; lastKnownFileType = "wrapper.pb-project"; name = Module2.xcodeproj; path = ../Libraries/Module2/Module2.xcodeproj; sourceTree = "<group>"; };
		7E0CEBD727964C0A00E9DE5B /* en */ = {isa = PBXFileReference; lastKnownFileType = text.plist.strings; name = en; path = "Localization-InfoPlist.strings"; sourceTree = "<group>"; };
		7E0CEBD927964C0A00E9DE5B /* en */ = {isa = PBXFileReference; lastKnownFileType = text.plist.strings; name = en; path = Localizable.strings; sourceTree = "<group>"; };
/* End PBXFileReference section */

/* Begin PBXFrameworksBuildPhase section */
		19236338278FD02D00A8F1D2 /* Frameworks */ = {
			isa = PBXFrameworksBuildPhase;
			buildActionMask = 2147483647;
			files = (
				19F8584527951A390044129B /* Module1.framework in Frameworks */,
				19F8584827951A3B0044129B /* Module2.framework in Frameworks */,
			);
			runOnlyForDeploymentPostprocessing = 0;
		};
/* End PBXFrameworksBuildPhase section */

/* Begin PBXGroup section */
		19236332278FD02D00A8F1D2 = {
			isa = PBXGroup;
			children = (
				19236386278FD19B00A8F1D2 /* Module2.xcodeproj */,
				19236380278FD18F00A8F1D2 /* Module1.xcodeproj */,
				1923633D278FD02D00A8F1D2 /* Localization */,
				1923633C278FD02D00A8F1D2 /* Products */,
				19236392278FD33100A8F1D2 /* Frameworks */,
			);
			sourceTree = "<group>";
		};
		1923633C278FD02D00A8F1D2 /* Products */ = {
			isa = PBXGroup;
			children = (
				1923633B278FD02D00A8F1D2 /* Localization.app */,
			);
			name = Products;
			sourceTree = "<group>";
		};
		1923633D278FD02D00A8F1D2 /* Localization */ = {
			isa = PBXGroup;
			children = (
				7E0CEBD527964C0A00E9DE5B /* en.lproj */,
				1923633E278FD02D00A8F1D2 /* LocalizationApp.swift */,
				19236340278FD02D00A8F1D2 /* ContentView.swift */,
				19236342278FD02E00A8F1D2 /* Assets.xcassets */,
				19236344278FD02E00A8F1D2 /* Preview Content */,
			);
			path = Localization;
			sourceTree = "<group>";
		};
		19236344278FD02E00A8F1D2 /* Preview Content */ = {
			isa = PBXGroup;
			children = (
				19236345278FD02E00A8F1D2 /* Preview Assets.xcassets */,
			);
			path = "Preview Content";
			sourceTree = "<group>";
		};
		19236381278FD18F00A8F1D2 /* Products */ = {
			isa = PBXGroup;
			children = (
				19236385278FD18F00A8F1D2 /* Module1.framework */,
			);
			name = Products;
			sourceTree = "<group>";
		};
		19236387278FD19B00A8F1D2 /* Products */ = {
			isa = PBXGroup;
			children = (
				1923638B278FD19B00A8F1D2 /* Module2.framework */,
			);
			name = Products;
			sourceTree = "<group>";
		};
		19236392278FD33100A8F1D2 /* Frameworks */ = {
			isa = PBXGroup;
			children = (
			);
			name = Frameworks;
			sourceTree = "<group>";
		};
		7E0CEBD527964C0A00E9DE5B /* en.lproj */ = {
			isa = PBXGroup;
			children = (
				7E0CEBD627964C0A00E9DE5B /* Localization-InfoPlist.strings */,
				7E0CEBD827964C0A00E9DE5B /* Localizable.strings */,
			);
			path = en.lproj;
			sourceTree = SOURCE_ROOT;
		};
/* End PBXGroup section */

/* Begin PBXNativeTarget section */
		1923633A278FD02D00A8F1D2 /* Localization */ = {
			isa = PBXNativeTarget;
			buildConfigurationList = 19236349278FD02E00A8F1D2 /* Build configuration list for PBXNativeTarget "Localization" */;
			buildPhases = (
				19236337278FD02D00A8F1D2 /* Sources */,
				19236338278FD02D00A8F1D2 /* Frameworks */,
				19236339278FD02D00A8F1D2 /* Resources */,
				19F8584727951A390044129B /* Embed Frameworks */,
			);
			buildRules = (
			);
			dependencies = (
				19236391278FD32C00A8F1D2 /* PBXTargetDependency */,
				1923638F278FD32800A8F1D2 /* PBXTargetDependency */,
			);
			name = Localization;
			productName = Localization;
			productReference = 1923633B278FD02D00A8F1D2 /* Localization.app */;
			productType = "com.apple.product-type.application";
		};
/* End PBXNativeTarget section */

/* Begin PBXProject section */
		19236333278FD02D00A8F1D2 /* Project object */ = {
			isa = PBXProject;
			attributes = {
				BuildIndependentTargetsInParallel = 1;
				LastSwiftUpdateCheck = 1320;
				LastUpgradeCheck = 1320;
				TargetAttributes = {
					1923633A278FD02D00A8F1D2 = {
						CreatedOnToolsVersion = 13.2.1;
					};
				};
			};
			buildConfigurationList = 19236336278FD02D00A8F1D2 /* Build configuration list for PBXProject "Localization" */;
			compatibilityVersion = "Xcode 13.0";
			developmentRegion = en;
			hasScannedForEncodings = 0;
			knownRegions = (
				en,
				Base,
			);
			mainGroup = 19236332278FD02D00A8F1D2;
			productRefGroup = 1923633C278FD02D00A8F1D2 /* Products */;
			projectDirPath = "";
			projectReferences = (
				{
					ProductGroup = 19236381278FD18F00A8F1D2 /* Products */;
					ProjectRef = 19236380278FD18F00A8F1D2 /* Module1.xcodeproj */;
				},
				{
					ProductGroup = 19236387278FD19B00A8F1D2 /* Products */;
					ProjectRef = 19236386278FD19B00A8F1D2 /* Module2.xcodeproj */;
				},
			);
			projectRoot = "";
			targets = (
				1923633A278FD02D00A8F1D2 /* Localization */,
			);
		};
/* End PBXProject section */

/* Begin PBXReferenceProxy section */
		19236385278FD18F00A8F1D2 /* Module1.framework */ = {
			isa = PBXReferenceProxy;
			fileType = wrapper.framework;
			path = Module1.framework;
			remoteRef = 19236384278FD18F00A8F1D2 /* PBXContainerItemProxy */;
			sourceTree = BUILT_PRODUCTS_DIR;
		};
		1923638B278FD19B00A8F1D2 /* Module2.framework */ = {
			isa = PBXReferenceProxy;
			fileType = wrapper.framework;
			path = Module2.framework;
			remoteRef = 1923638A278FD19B00A8F1D2 /* PBXContainerItemProxy */;
			sourceTree = BUILT_PRODUCTS_DIR;
		};
/* End PBXReferenceProxy section */

/* Begin PBXResourcesBuildPhase section */
		19236339278FD02D00A8F1D2 /* Resources */ = {
			isa = PBXResourcesBuildPhase;
			buildActionMask = 2147483647;
			files = (
				7E0CEBDA27964C0A00E9DE5B /* Localization-InfoPlist.strings in Resources */,
				7E0CEBDB27964C0A00E9DE5B /* Localizable.strings in Resources */,
				19236346278FD02E00A8F1D2 /* Preview Assets.xcassets in Resources */,
				19236343278FD02E00A8F1D2 /* Assets.xcassets in Resources */,
			);
			runOnlyForDeploymentPostprocessing = 0;
		};
/* End PBXResourcesBuildPhase section */

/* Begin PBXSourcesBuildPhase section */
		19236337278FD02D00A8F1D2 /* Sources */ = {
			isa = PBXSourcesBuildPhase;
			buildActionMask = 2147483647;
			files = (
				19236341278FD02D00A8F1D2 /* ContentView.swift in Sources */,
				1923633F278FD02D00A8F1D2 /* LocalizationApp.swift in Sources */,
			);
			runOnlyForDeploymentPostprocessing = 0;
		};
/* End PBXSourcesBuildPhase section */

/* Begin PBXTargetDependency section */
		1923638F278FD32800A8F1D2 /* PBXTargetDependency */ = {
			isa = PBXTargetDependency;
			name = Module1;
			targetProxy = 1923638E278FD32800A8F1D2 /* PBXContainerItemProxy */;
		};
		19236391278FD32C00A8F1D2 /* PBXTargetDependency */ = {
			isa = PBXTargetDependency;
			name = Module2;
			targetProxy = 19236390278FD32C00A8F1D2 /* PBXContainerItemProxy */;
		};
/* End PBXTargetDependency section */

/* Begin PBXVariantGroup section */
		7E0CEBD627964C0A00E9DE5B /* Localization-InfoPlist.strings */ = {
			isa = PBXVariantGroup;
			children = (
				7E0CEBD727964C0A00E9DE5B /* en */,
			);
			name = "Localization-InfoPlist.strings";
			sourceTree = "<group>";
		};
		7E0CEBD827964C0A00E9DE5B /* Localizable.strings */ = {
			isa = PBXVariantGroup;
			children = (
				7E0CEBD927964C0A00E9DE5B /* en */,
			);
			name = Localizable.strings;
			sourceTree = "<group>";
		};
/* End PBXVariantGroup section */

/* Begin XCBuildConfiguration section */
		19236347278FD02E00A8F1D2 /* Debug */ = {
			isa = XCBuildConfiguration;
			buildSettings = {
				ALWAYS_SEARCH_USER_PATHS = NO;
				CLANG_ANALYZER_NONNULL = YES;
				CLANG_ANALYZER_NUMBER_OBJECT_CONVERSION = YES_AGGRESSIVE;
				CLANG_CXX_LANGUAGE_STANDARD = "gnu++17";
				CLANG_CXX_LIBRARY = "libc++";
				CLANG_ENABLE_MODULES = YES;
				CLANG_ENABLE_OBJC_ARC = YES;
				CLANG_ENABLE_OBJC_WEAK = YES;
				CLANG_WARN_BLOCK_CAPTURE_AUTORELEASING = YES;
				CLANG_WARN_BOOL_CONVERSION = YES;
				CLANG_WARN_COMMA = YES;
				CLANG_WARN_CONSTANT_CONVERSION = YES;
				CLANG_WARN_DEPRECATED_OBJC_IMPLEMENTATIONS = YES;
				CLANG_WARN_DIRECT_OBJC_ISA_USAGE = YES_ERROR;
				CLANG_WARN_DOCUMENTATION_COMMENTS = YES;
				CLANG_WARN_EMPTY_BODY = YES;
				CLANG_WARN_ENUM_CONVERSION = YES;
				CLANG_WARN_INFINITE_RECURSION = YES;
				CLANG_WARN_INT_CONVERSION = YES;
				CLANG_WARN_NON_LITERAL_NULL_CONVERSION = YES;
				CLANG_WARN_OBJC_IMPLICIT_RETAIN_SELF = YES;
				CLANG_WARN_OBJC_LITERAL_CONVERSION = YES;
				CLANG_WARN_OBJC_ROOT_CLASS = YES_ERROR;
				CLANG_WARN_QUOTED_INCLUDE_IN_FRAMEWORK_HEADER = YES;
				CLANG_WARN_RANGE_LOOP_ANALYSIS = YES;
				CLANG_WARN_STRICT_PROTOTYPES = YES;
				CLANG_WARN_SUSPICIOUS_MOVE = YES;
				CLANG_WARN_UNGUARDED_AVAILABILITY = YES_AGGRESSIVE;
				CLANG_WARN_UNREACHABLE_CODE = YES;
				CLANG_WARN__DUPLICATE_METHOD_MATCH = YES;
				COPY_PHASE_STRIP = NO;
				DEBUG_INFORMATION_FORMAT = dwarf;
				ENABLE_STRICT_OBJC_MSGSEND = YES;
				ENABLE_TESTABILITY = YES;
				GCC_C_LANGUAGE_STANDARD = gnu11;
				GCC_DYNAMIC_NO_PIC = NO;
				GCC_NO_COMMON_BLOCKS = YES;
				GCC_OPTIMIZATION_LEVEL = 0;
				GCC_PREPROCESSOR_DEFINITIONS = (
					"DEBUG=1",
					"$(inherited)",
				);
				GCC_WARN_64_TO_32_BIT_CONVERSION = YES;
				GCC_WARN_ABOUT_RETURN_TYPE = YES_ERROR;
				GCC_WARN_UNDECLARED_SELECTOR = YES;
				GCC_WARN_UNINITIALIZED_AUTOS = YES_AGGRESSIVE;
				GCC_WARN_UNUSED_FUNCTION = YES;
				GCC_WARN_UNUSED_VARIABLE = YES;
				IPHONEOS_DEPLOYMENT_TARGET = 15.0;
				MTL_ENABLE_DEBUG_INFO = INCLUDE_SOURCE;
				MTL_FAST_MATH = YES;
				ONLY_ACTIVE_ARCH = YES;
				SDKROOT = iphoneos;
				SWIFT_ACTIVE_COMPILATION_CONDITIONS = DEBUG;
				SWIFT_OPTIMIZATION_LEVEL = "-Onone";
			};
			name = Debug;
		};
		19236348278FD02E00A8F1D2 /* Release */ = {
			isa = XCBuildConfiguration;
			buildSettings = {
				ALWAYS_SEARCH_USER_PATHS = NO;
				CLANG_ANALYZER_NONNULL = YES;
				CLANG_ANALYZER_NUMBER_OBJECT_CONVERSION = YES_AGGRESSIVE;
				CLANG_CXX_LANGUAGE_STANDARD = "gnu++17";
				CLANG_CXX_LIBRARY = "libc++";
				CLANG_ENABLE_MODULES = YES;
				CLANG_ENABLE_OBJC_ARC = YES;
				CLANG_ENABLE_OBJC_WEAK = YES;
				CLANG_WARN_BLOCK_CAPTURE_AUTORELEASING = YES;
				CLANG_WARN_BOOL_CONVERSION = YES;
				CLANG_WARN_COMMA = YES;
				CLANG_WARN_CONSTANT_CONVERSION = YES;
				CLANG_WARN_DEPRECATED_OBJC_IMPLEMENTATIONS = YES;
				CLANG_WARN_DIRECT_OBJC_ISA_USAGE = YES_ERROR;
				CLANG_WARN_DOCUMENTATION_COMMENTS = YES;
				CLANG_WARN_EMPTY_BODY = YES;
				CLANG_WARN_ENUM_CONVERSION = YES;
				CLANG_WARN_INFINITE_RECURSION = YES;
				CLANG_WARN_INT_CONVERSION = YES;
				CLANG_WARN_NON_LITERAL_NULL_CONVERSION = YES;
				CLANG_WARN_OBJC_IMPLICIT_RETAIN_SELF = YES;
				CLANG_WARN_OBJC_LITERAL_CONVERSION = YES;
				CLANG_WARN_OBJC_ROOT_CLASS = YES_ERROR;
				CLANG_WARN_QUOTED_INCLUDE_IN_FRAMEWORK_HEADER = YES;
				CLANG_WARN_RANGE_LOOP_ANALYSIS = YES;
				CLANG_WARN_STRICT_PROTOTYPES = YES;
				CLANG_WARN_SUSPICIOUS_MOVE = YES;
				CLANG_WARN_UNGUARDED_AVAILABILITY = YES_AGGRESSIVE;
				CLANG_WARN_UNREACHABLE_CODE = YES;
				CLANG_WARN__DUPLICATE_METHOD_MATCH = YES;
				COPY_PHASE_STRIP = NO;
				DEBUG_INFORMATION_FORMAT = "dwarf-with-dsym";
				ENABLE_NS_ASSERTIONS = NO;
				ENABLE_STRICT_OBJC_MSGSEND = YES;
				GCC_C_LANGUAGE_STANDARD = gnu11;
				GCC_NO_COMMON_BLOCKS = YES;
				GCC_WARN_64_TO_32_BIT_CONVERSION = YES;
				GCC_WARN_ABOUT_RETURN_TYPE = YES_ERROR;
				GCC_WARN_UNDECLARED_SELECTOR = YES;
				GCC_WARN_UNINITIALIZED_AUTOS = YES_AGGRESSIVE;
				GCC_WARN_UNUSED_FUNCTION = YES;
				GCC_WARN_UNUSED_VARIABLE = YES;
				IPHONEOS_DEPLOYMENT_TARGET = 15.0;
				MTL_ENABLE_DEBUG_INFO = NO;
				MTL_FAST_MATH = YES;
				SDKROOT = iphoneos;
				SWIFT_COMPILATION_MODE = wholemodule;
				SWIFT_OPTIMIZATION_LEVEL = "-O";
				VALIDATE_PRODUCT = YES;
			};
			name = Release;
		};
		1923634A278FD02E00A8F1D2 /* Debug */ = {
			isa = XCBuildConfiguration;
			buildSettings = {
				ASSETCATALOG_COMPILER_APPICON_NAME = AppIcon;
				ASSETCATALOG_COMPILER_GLOBAL_ACCENT_COLOR_NAME = AccentColor;
				CODE_SIGN_STYLE = Automatic;
				CURRENT_PROJECT_VERSION = 1;
				DEVELOPMENT_ASSET_PATHS = "\"Localization/Preview Content\"";
				DEVELOPMENT_TEAM = S4K8QNVVRR;
				ENABLE_PREVIEWS = YES;
				GENERATE_INFOPLIST_FILE = YES;
				INFOPLIST_KEY_UIApplicationSceneManifest_Generation = YES;
				INFOPLIST_KEY_UIApplicationSupportsIndirectInputEvents = YES;
				INFOPLIST_KEY_UILaunchScreen_Generation = YES;
				INFOPLIST_KEY_UISupportedInterfaceOrientations_iPad = "UIInterfaceOrientationPortrait UIInterfaceOrientationPortraitUpsideDown UIInterfaceOrientationLandscapeLeft UIInterfaceOrientationLandscapeRight";
				INFOPLIST_KEY_UISupportedInterfaceOrientations_iPhone = "UIInterfaceOrientationPortrait UIInterfaceOrientationLandscapeLeft UIInterfaceOrientationLandscapeRight";
				LD_RUNPATH_SEARCH_PATHS = (
					"$(inherited)",
					"@executable_path/Frameworks",
				);
				MARKETING_VERSION = 1.0;
				PRODUCT_BUNDLE_IDENTIFIER = com.zteshadow.Localization;
				PRODUCT_NAME = "$(TARGET_NAME)";
				SWIFT_EMIT_LOC_STRINGS = YES;
				SWIFT_VERSION = 5.0;
				TARGETED_DEVICE_FAMILY = "1,2";
			};
			name = Debug;
		};
		1923634B278FD02E00A8F1D2 /* Release */ = {
			isa = XCBuildConfiguration;
			buildSettings = {
				ASSETCATALOG_COMPILER_APPICON_NAME = AppIcon;
				ASSETCATALOG_COMPILER_GLOBAL_ACCENT_COLOR_NAME = AccentColor;
				CODE_SIGN_STYLE = Automatic;
				CURRENT_PROJECT_VERSION = 1;
				DEVELOPMENT_ASSET_PATHS = "\"Localization/Preview Content\"";
				DEVELOPMENT_TEAM = S4K8QNVVRR;
				ENABLE_PREVIEWS = YES;
				GENERATE_INFOPLIST_FILE = YES;
				INFOPLIST_KEY_UIApplicationSceneManifest_Generation = YES;
				INFOPLIST_KEY_UIApplicationSupportsIndirectInputEvents = YES;
				INFOPLIST_KEY_UILaunchScreen_Generation = YES;
				INFOPLIST_KEY_UISupportedInterfaceOrientations_iPad = "UIInterfaceOrientationPortrait UIInterfaceOrientationPortraitUpsideDown UIInterfaceOrientationLandscapeLeft UIInterfaceOrientationLandscapeRight";
				INFOPLIST_KEY_UISupportedInterfaceOrientations_iPhone = "UIInterfaceOrientationPortrait UIInterfaceOrientationLandscapeLeft UIInterfaceOrientationLandscapeRight";
				LD_RUNPATH_SEARCH_PATHS = (
					"$(inherited)",
					"@executable_path/Frameworks",
				);
				MARKETING_VERSION = 1.0;
				PRODUCT_BUNDLE_IDENTIFIER = com.zteshadow.Localization;
				PRODUCT_NAME = "$(TARGET_NAME)";
				SWIFT_EMIT_LOC_STRINGS = YES;
				SWIFT_VERSION = 5.0;
				TARGETED_DEVICE_FAMILY = "1,2";
			};
			name = Release;
		};
/* End XCBuildConfiguration section */

/* Begin XCConfigurationList section */
		19236336278FD02D00A8F1D2 /* Build configuration list for PBXProject "Localization" */ = {
			isa = XCConfigurationList;
			buildConfigurations = (
				19236347278FD02E00A8F1D2 /* Debug */,
				19236348278FD02E00A8F1D2 /* Release */,
			);
			defaultConfigurationIsVisible = 0;
			defaultConfigurationName = Release;
		};
		19236349278FD02E00A8F1D2 /* Build configuration list for PBXNativeTarget "Localization" */ = {
			isa = XCConfigurationList;
			buildConfigurations = (
				1923634A278FD02E00A8F1D2 /* Debug */,
				1923634B278FD02E00A8F1D2 /* Release */,
			);
			defaultConfigurationIsVisible = 0;
			defaultConfigurationName = Release;
		};
/* End XCConfigurationList section */
	};
	rootObject = 19236333278FD02D00A8F1D2 /* Project object */;
}
