// !$*UTF8*$!
{
	archiveVersion = 1;
	classes = {
	};
	objectVersion = 55;
	objects = {

/* Begin PBXBuildFile section */
		7E0E222F27E942540088E62E /* Button+Extension.swift in Sources */ = {isa = PBXBuildFile; fileRef = 7E0E222E27E942540088E62E /* Button+Extension.swift */; };
		7E0E223127E9433B0088E62E /* View+Select.swift in Sources */ = {isa = PBXBuildFile; fileRef = 7E0E223027E9433B0088E62E /* View+Select.swift */; };
		7E8D43F827E2B46100071F87 /* RadioGroupPicker+Simple.swift in Sources */ = {isa = PBXBuildFile; fileRef = 7E8D43F727E2B46100071F87 /* RadioGroupPicker+Simple.swift */; };
		7E8D43FA27E2BBFB00071F87 /* View+Extension.swift in Sources */ = {isa = PBXBuildFile; fileRef = 7E8D43F927E2BBFB00071F87 /* View+Extension.swift */; };
		7EAC2590278A497200FA1FFE /* RadioGroupPickerApp.swift in Sources */ = {isa = PBXBuildFile; fileRef = 7EAC258F278A497200FA1FFE /* RadioGroupPickerApp.swift */; };
		7EAC2592278A497200FA1FFE /* ContentView.swift in Sources */ = {isa = PBXBuildFile; fileRef = 7EAC2591278A497200FA1FFE /* ContentView.swift */; };
		7EAC2594278A497600FA1FFE /* Assets.xcassets in Resources */ = {isa = PBXBuildFile; fileRef = 7EAC2593278A497600FA1FFE /* Assets.xcassets */; };
		7EAC2597278A497600FA1FFE /* Preview Assets.xcassets in Resources */ = {isa = PBXBuildFile; fileRef = 7EAC2596278A497600FA1FFE /* Preview Assets.xcassets */; };
		7EAC259E278A4B3000FA1FFE /* CurrentPicker.swift in Sources */ = {isa = PBXBuildFile; fileRef = 7EAC259D278A4B3000FA1FFE /* CurrentPicker.swift */; };
/* End PBXBuildFile section */

/* Begin PBXFileReference section */
		7E0E222E27E942540088E62E /* Button+Extension.swift */ = {isa = PBXFileReference; lastKnownFileType = sourcecode.swift; path = "Button+Extension.swift"; sourceTree = "<group>"; };
		7E0E223027E9433B0088E62E /* View+Select.swift */ = {isa = PBXFileReference; lastKnownFileType = sourcecode.swift; path = "View+Select.swift"; sourceTree = "<group>"; };
		7E8D43F727E2B46100071F87 /* RadioGroupPicker+Simple.swift */ = {isa = PBXFileReference; lastKnownFileType = sourcecode.swift; path = "RadioGroupPicker+Simple.swift"; sourceTree = "<group>"; };
		7E8D43F927E2BBFB00071F87 /* View+Extension.swift */ = {isa = PBXFileReference; lastKnownFileType = sourcecode.swift; path = "View+Extension.swift"; sourceTree = "<group>"; };
		7EAC258C278A497200FA1FFE /* RadioGroupPicker.app */ = {isa = PBXFileReference; explicitFileType = wrapper.application; includeInIndex = 0; path = RadioGroupPicker.app; sourceTree = BUILT_PRODUCTS_DIR; };
		7EAC258F278A497200FA1FFE /* RadioGroupPickerApp.swift */ = {isa = PBXFileReference; lastKnownFileType = sourcecode.swift; path = RadioGroupPickerApp.swift; sourceTree = "<group>"; };
		7EAC2591278A497200FA1FFE /* ContentView.swift */ = {isa = PBXFileReference; lastKnownFileType = sourcecode.swift; path = ContentView.swift; sourceTree = "<group>"; };
		7EAC2593278A497600FA1FFE /* Assets.xcassets */ = {isa = PBXFileReference; lastKnownFileType = folder.assetcatalog; path = Assets.xcassets; sourceTree = "<group>"; };
		7EAC2596278A497600FA1FFE /* Preview Assets.xcassets */ = {isa = PBXFileReference; lastKnownFileType = folder.assetcatalog; path = "Preview Assets.xcassets"; sourceTree = "<group>"; };
		7EAC259D278A4B3000FA1FFE /* CurrentPicker.swift */ = {isa = PBXFileReference; lastKnownFileType = sourcecode.swift; path = CurrentPicker.swift; sourceTree = "<group>"; };
/* End PBXFileReference section */

/* Begin PBXFrameworksBuildPhase section */
		7EAC2589278A497100FA1FFE /* Frameworks */ = {
			isa = PBXFrameworksBuildPhase;
			buildActionMask = 2147483647;
			files = (
			);
			runOnlyForDeploymentPostprocessing = 0;
		};
/* End PBXFrameworksBuildPhase section */

/* Begin PBXGroup section */
		7EAC2583278A497100FA1FFE = {
			isa = PBXGroup;
			children = (
				7EAC258E278A497200FA1FFE /* RadioGroupPicker */,
				7EAC258D278A497200FA1FFE /* Products */,
			);
			sourceTree = "<group>";
		};
		7EAC258D278A497200FA1FFE /* Products */ = {
			isa = PBXGroup;
			children = (
				7EAC258C278A497200FA1FFE /* RadioGroupPicker.app */,
			);
			name = Products;
			sourceTree = "<group>";
		};
		7EAC258E278A497200FA1FFE /* RadioGroupPicker */ = {
			isa = PBXGroup;
			children = (
				7EAC258F278A497200FA1FFE /* RadioGroupPickerApp.swift */,
				7EAC2591278A497200FA1FFE /* ContentView.swift */,
				7EAC259D278A4B3000FA1FFE /* CurrentPicker.swift */,
				7E8D43F727E2B46100071F87 /* RadioGroupPicker+Simple.swift */,
				7E8D43F927E2BBFB00071F87 /* View+Extension.swift */,
				7E0E222E27E942540088E62E /* Button+Extension.swift */,
				7E0E223027E9433B0088E62E /* View+Select.swift */,
				7EAC2593278A497600FA1FFE /* Assets.xcassets */,
				7EAC2595278A497600FA1FFE /* Preview Content */,
			);
			path = RadioGroupPicker;
			sourceTree = "<group>";
		};
		7EAC2595278A497600FA1FFE /* Preview Content */ = {
			isa = PBXGroup;
			children = (
				7EAC2596278A497600FA1FFE /* Preview Assets.xcassets */,
			);
			path = "Preview Content";
			sourceTree = "<group>";
		};
/* End PBXGroup section */

/* Begin PBXNativeTarget section */
		7EAC258B278A497100FA1FFE /* RadioGroupPicker */ = {
			isa = PBXNativeTarget;
			buildConfigurationList = 7EAC259A278A497600FA1FFE /* Build configuration list for PBXNativeTarget "RadioGroupPicker" */;
			buildPhases = (
				7EAC2588278A497100FA1FFE /* Sources */,
				7EAC2589278A497100FA1FFE /* Frameworks */,
				7EAC258A278A497100FA1FFE /* Resources */,
			);
			buildRules = (
			);
			dependencies = (
			);
			name = RadioGroupPicker;
			productName = RadioGroupPicker;
			productReference = 7EAC258C278A497200FA1FFE /* RadioGroupPicker.app */;
			productType = "com.apple.product-type.application";
		};
/* End PBXNativeTarget section */

/* Begin PBXProject section */
		7EAC2584278A497100FA1FFE /* Project object */ = {
			isa = PBXProject;
			attributes = {
				BuildIndependentTargetsInParallel = 1;
				LastSwiftUpdateCheck = 1310;
				LastUpgradeCheck = 1310;
				TargetAttributes = {
					7EAC258B278A497100FA1FFE = {
						CreatedOnToolsVersion = 13.1;
					};
				};
			};
			buildConfigurationList = 7EAC2587278A497100FA1FFE /* Build configuration list for PBXProject "RadioGroupPicker" */;
			compatibilityVersion = "Xcode 13.0";
			developmentRegion = en;
			hasScannedForEncodings = 0;
			knownRegions = (
				en,
				Base,
			);
			mainGroup = 7EAC2583278A497100FA1FFE;
			productRefGroup = 7EAC258D278A497200FA1FFE /* Products */;
			projectDirPath = "";
			projectRoot = "";
			targets = (
				7EAC258B278A497100FA1FFE /* RadioGroupPicker */,
			);
		};
/* End PBXProject section */

/* Begin PBXResourcesBuildPhase section */
		7EAC258A278A497100FA1FFE /* Resources */ = {
			isa = PBXResourcesBuildPhase;
			buildActionMask = 2147483647;
			files = (
				7EAC2597278A497600FA1FFE /* Preview Assets.xcassets in Resources */,
				7EAC2594278A497600FA1FFE /* Assets.xcassets in Resources */,
			);
			runOnlyForDeploymentPostprocessing = 0;
		};
/* End PBXResourcesBuildPhase section */

/* Begin PBXSourcesBuildPhase section */
		7EAC2588278A497100FA1FFE /* Sources */ = {
			isa = PBXSourcesBuildPhase;
			buildActionMask = 2147483647;
			files = (
				7EAC259E278A4B3000FA1FFE /* CurrentPicker.swift in Sources */,
				7E0E223127E9433B0088E62E /* View+Select.swift in Sources */,
				7EAC2592278A497200FA1FFE /* ContentView.swift in Sources */,
				7E8D43FA27E2BBFB00071F87 /* View+Extension.swift in Sources */,
				7EAC2590278A497200FA1FFE /* RadioGroupPickerApp.swift in Sources */,
				7E8D43F827E2B46100071F87 /* RadioGroupPicker+Simple.swift in Sources */,
				7E0E222F27E942540088E62E /* Button+Extension.swift in Sources */,
			);
			runOnlyForDeploymentPostprocessing = 0;
		};
/* End PBXSourcesBuildPhase section */

/* Begin XCBuildConfiguration section */
		7EAC2598278A497600FA1FFE /* Debug */ = {
			isa = XCBuildConfiguration;
			buildSettings = {
				ALWAYS_SEARCH_USER_PATHS = NO;
				CLANG_ANALYZER_NONNULL = YES;
				CLANG_ANALYZER_NUMBER_OBJECT_CONVERSION = YES_AGGRESSIVE;
				CLANG_CXX_LANGUAGE_STANDARD = "gnu++17";
				CLANG_CXX_LIBRARY = "libc++";
				CLANG_ENABLE_MODULES = YES;
				CLANG_ENABLE_OBJC_ARC = YES;
				CLANG_ENABLE_OBJC_WEAK = YES;
				CLANG_WARN_BLOCK_CAPTURE_AUTORELEASING = YES;
				CLANG_WARN_BOOL_CONVERSION = YES;
				CLANG_WARN_COMMA = YES;
				CLANG_WARN_CONSTANT_CONVERSION = YES;
				CLANG_WARN_DEPRECATED_OBJC_IMPLEMENTATIONS = YES;
				CLANG_WARN_DIRECT_OBJC_ISA_USAGE = YES_ERROR;
				CLANG_WARN_DOCUMENTATION_COMMENTS = YES;
				CLANG_WARN_EMPTY_BODY = YES;
				CLANG_WARN_ENUM_CONVERSION = YES;
				CLANG_WARN_INFINITE_RECURSION = YES;
				CLANG_WARN_INT_CONVERSION = YES;
				CLANG_WARN_NON_LITERAL_NULL_CONVERSION = YES;
				CLANG_WARN_OBJC_IMPLICIT_RETAIN_SELF = YES;
				CLANG_WARN_OBJC_LITERAL_CONVERSION = YES;
				CLANG_WARN_OBJC_ROOT_CLASS = YES_ERROR;
				CLANG_WARN_QUOTED_INCLUDE_IN_FRAMEWORK_HEADER = YES;
				CLANG_WARN_RANGE_LOOP_ANALYSIS = YES;
				CLANG_WARN_STRICT_PROTOTYPES = YES;
				CLANG_WARN_SUSPICIOUS_MOVE = YES;
				CLANG_WARN_UNGUARDED_AVAILABILITY = YES_AGGRESSIVE;
				CLANG_WARN_UNREACHABLE_CODE = YES;
				CLANG_WARN__DUPLICATE_METHOD_MATCH = YES;
				COPY_PHASE_STRIP = NO;
				DEBUG_INFORMATION_FORMAT = dwarf;
				ENABLE_STRICT_OBJC_MSGSEND = YES;
				ENABLE_TESTABILITY = YES;
				GCC_C_LANGUAGE_STANDARD = gnu11;
				GCC_DYNAMIC_NO_PIC = NO;
				GCC_NO_COMMON_BLOCKS = YES;
				GCC_OPTIMIZATION_LEVEL = 0;
				GCC_PREPROCESSOR_DEFINITIONS = (
					"DEBUG=1",
					"$(inherited)",
				);
				GCC_WARN_64_TO_32_BIT_CONVERSION = YES;
				GCC_WARN_ABOUT_RETURN_TYPE = YES_ERROR;
				GCC_WARN_UNDECLARED_SELECTOR = YES;
				GCC_WARN_UNINITIALIZED_AUTOS = YES_AGGRESSIVE;
				GCC_WARN_UNUSED_FUNCTION = YES;
				GCC_WARN_UNUSED_VARIABLE = YES;
				IPHONEOS_DEPLOYMENT_TARGET = 15.0;
				MTL_ENABLE_DEBUG_INFO = INCLUDE_SOURCE;
				MTL_FAST_MATH = YES;
				ONLY_ACTIVE_ARCH = YES;
				SDKROOT = iphoneos;
				SWIFT_ACTIVE_COMPILATION_CONDITIONS = DEBUG;
				SWIFT_OPTIMIZATION_LEVEL = "-Onone";
			};
			name = Debug;
		};
		7EAC2599278A497600FA1FFE /* Release */ = {
			isa = XCBuildConfiguration;
			buildSettings = {
				ALWAYS_SEARCH_USER_PATHS = NO;
				CLANG_ANALYZER_NONNULL = YES;
				CLANG_ANALYZER_NUMBER_OBJECT_CONVERSION = YES_AGGRESSIVE;
				CLANG_CXX_LANGUAGE_STANDARD = "gnu++17";
				CLANG_CXX_LIBRARY = "libc++";
				CLANG_ENABLE_MODULES = YES;
				CLANG_ENABLE_OBJC_ARC = YES;
				CLANG_ENABLE_OBJC_WEAK = YES;
				CLANG_WARN_BLOCK_CAPTURE_AUTORELEASING = YES;
				CLANG_WARN_BOOL_CONVERSION = YES;
				CLANG_WARN_COMMA = YES;
				CLANG_WARN_CONSTANT_CONVERSION = YES;
				CLANG_WARN_DEPRECATED_OBJC_IMPLEMENTATIONS = YES;
				CLANG_WARN_DIRECT_OBJC_ISA_USAGE = YES_ERROR;
				CLANG_WARN_DOCUMENTATION_COMMENTS = YES;
				CLANG_WARN_EMPTY_BODY = YES;
				CLANG_WARN_ENUM_CONVERSION = YES;
				CLANG_WARN_INFINITE_RECURSION = YES;
				CLANG_WARN_INT_CONVERSION = YES;
				CLANG_WARN_NON_LITERAL_NULL_CONVERSION = YES;
				CLANG_WARN_OBJC_IMPLICIT_RETAIN_SELF = YES;
				CLANG_WARN_OBJC_LITERAL_CONVERSION = YES;
				CLANG_WARN_OBJC_ROOT_CLASS = YES_ERROR;
				CLANG_WARN_QUOTED_INCLUDE_IN_FRAMEWORK_HEADER = YES;
				CLANG_WARN_RANGE_LOOP_ANALYSIS = YES;
				CLANG_WARN_STRICT_PROTOTYPES = YES;
				CLANG_WARN_SUSPICIOUS_MOVE = YES;
				CLANG_WARN_UNGUARDED_AVAILABILITY = YES_AGGRESSIVE;
				CLANG_WARN_UNREACHABLE_CODE = YES;
				CLANG_WARN__DUPLICATE_METHOD_MATCH = YES;
				COPY_PHASE_STRIP = NO;
				DEBUG_INFORMATION_FORMAT = "dwarf-with-dsym";
				ENABLE_NS_ASSERTIONS = NO;
				ENABLE_STRICT_OBJC_MSGSEND = YES;
				GCC_C_LANGUAGE_STANDARD = gnu11;
				GCC_NO_COMMON_BLOCKS = YES;
				GCC_WARN_64_TO_32_BIT_CONVERSION = YES;
				GCC_WARN_ABOUT_RETURN_TYPE = YES_ERROR;
				GCC_WARN_UNDECLARED_SELECTOR = YES;
				GCC_WARN_UNINITIALIZED_AUTOS = YES_AGGRESSIVE;
				GCC_WARN_UNUSED_FUNCTION = YES;
				GCC_WARN_UNUSED_VARIABLE = YES;
				IPHONEOS_DEPLOYMENT_TARGET = 15.0;
				MTL_ENABLE_DEBUG_INFO = NO;
				MTL_FAST_MATH = YES;
				SDKROOT = iphoneos;
				SWIFT_COMPILATION_MODE = wholemodule;
				SWIFT_OPTIMIZATION_LEVEL = "-O";
				VALIDATE_PRODUCT = YES;
			};
			name = Release;
		};
		7EAC259B278A497600FA1FFE /* Debug */ = {
			isa = XCBuildConfiguration;
			buildSettings = {
				ASSETCATALOG_COMPILER_APPICON_NAME = AppIcon;
				ASSETCATALOG_COMPILER_GLOBAL_ACCENT_COLOR_NAME = AccentColor;
				CODE_SIGN_STYLE = Automatic;
				CURRENT_PROJECT_VERSION = 1;
				DEVELOPMENT_ASSET_PATHS = "\"RadioGroupPicker/Preview Content\"";
				DEVELOPMENT_TEAM = F84D8WB847;
				ENABLE_PREVIEWS = YES;
				GENERATE_INFOPLIST_FILE = YES;
				INFOPLIST_KEY_UIApplicationSceneManifest_Generation = YES;
				INFOPLIST_KEY_UIApplicationSupportsIndirectInputEvents = YES;
				INFOPLIST_KEY_UILaunchScreen_Generation = YES;
				INFOPLIST_KEY_UISupportedInterfaceOrientations_iPad = "UIInterfaceOrientationPortrait UIInterfaceOrientationPortraitUpsideDown UIInterfaceOrientationLandscapeLeft UIInterfaceOrientationLandscapeRight";
				INFOPLIST_KEY_UISupportedInterfaceOrientations_iPhone = "UIInterfaceOrientationPortrait UIInterfaceOrientationLandscapeLeft UIInterfaceOrientationLandscapeRight";
				LD_RUNPATH_SEARCH_PATHS = (
					"$(inherited)",
					"@executable_path/Frameworks",
				);
				MARKETING_VERSION = 1.0;
				PRODUCT_BUNDLE_IDENTIFIER = com.meandlife.RadioGroupPicker;
				PRODUCT_NAME = "$(TARGET_NAME)";
				SWIFT_EMIT_LOC_STRINGS = YES;
				SWIFT_VERSION = 5.0;
				TARGETED_DEVICE_FAMILY = "1,2";
			};
			name = Debug;
		};
		7EAC259C278A497600FA1FFE /* Release */ = {
			isa = XCBuildConfiguration;
			buildSettings = {
				ASSETCATALOG_COMPILER_APPICON_NAME = AppIcon;
				ASSETCATALOG_COMPILER_GLOBAL_ACCENT_COLOR_NAME = AccentColor;
				CODE_SIGN_STYLE = Automatic;
				CURRENT_PROJECT_VERSION = 1;
				DEVELOPMENT_ASSET_PATHS = "\"RadioGroupPicker/Preview Content\"";
				DEVELOPMENT_TEAM = F84D8WB847;
				ENABLE_PREVIEWS = YES;
				GENERATE_INFOPLIST_FILE = YES;
				INFOPLIST_KEY_UIApplicationSceneManifest_Generation = YES;
				INFOPLIST_KEY_UIApplicationSupportsIndirectInputEvents = YES;
				INFOPLIST_KEY_UILaunchScreen_Generation = YES;
				INFOPLIST_KEY_UISupportedInterfaceOrientations_iPad = "UIInterfaceOrientationPortrait UIInterfaceOrientationPortraitUpsideDown UIInterfaceOrientationLandscapeLeft UIInterfaceOrientationLandscapeRight";
				INFOPLIST_KEY_UISupportedInterfaceOrientations_iPhone = "UIInterfaceOrientationPortrait UIInterfaceOrientationLandscapeLeft UIInterfaceOrientationLandscapeRight";
				LD_RUNPATH_SEARCH_PATHS = (
					"$(inherited)",
					"@executable_path/Frameworks",
				);
				MARKETING_VERSION = 1.0;
				PRODUCT_BUNDLE_IDENTIFIER = com.meandlife.RadioGroupPicker;
				PRODUCT_NAME = "$(TARGET_NAME)";
				SWIFT_EMIT_LOC_STRINGS = YES;
				SWIFT_VERSION = 5.0;
				TARGETED_DEVICE_FAMILY = "1,2";
			};
			name = Release;
		};
/* End XCBuildConfiguration section */

/* Begin XCConfigurationList section */
		7EAC2587278A497100FA1FFE /* Build configuration list for PBXProject "RadioGroupPicker" */ = {
			isa = XCConfigurationList;
			buildConfigurations = (
				7EAC2598278A497600FA1FFE /* Debug */,
				7EAC2599278A497600FA1FFE /* Release */,
			);
			defaultConfigurationIsVisible = 0;
			defaultConfigurationName = Release;
		};
		7EAC259A278A497600FA1FFE /* Build configuration list for PBXNativeTarget "RadioGroupPicker" */ = {
			isa = XCConfigurationList;
			buildConfigurations = (
				7EAC259B278A497600FA1FFE /* Debug */,
				7EAC259C278A497600FA1FFE /* Release */,
			);
			defaultConfigurationIsVisible = 0;
			defaultConfigurationName = Release;
		};
/* End XCConfigurationList section */
	};
	rootObject = 7EAC2584278A497100FA1FFE /* Project object */;
}
