// !$*UTF8*$!
{
	archiveVersion = 1;
	classes = {
	};
	objectVersion = 55;
	objects = {

/* Begin PBXBuildFile section */
		7ECC35582807A05E00D23844 /* SimpleApp.swift in Sources */ = {isa = PBXBuildFile; fileRef = 7ECC35572807A05E00D23844 /* SimpleApp.swift */; };
		7ECC355A2807A05E00D23844 /* ContentView.swift in Sources */ = {isa = PBXBuildFile; fileRef = 7ECC35592807A05E00D23844 /* ContentView.swift */; };
		7ECC355C2807A05F00D23844 /* Assets.xcassets in Resources */ = {isa = PBXBuildFile; fileRef = 7ECC355B2807A05F00D23844 /* Assets.xcassets */; };
		7ECC355F2807A05F00D23844 /* Preview Assets.xcassets in Resources */ = {isa = PBXBuildFile; fileRef = 7ECC355E2807A05F00D23844 /* Preview Assets.xcassets */; };
		7ECC35692807A05F00D23844 /* SimpleTests.swift in Sources */ = {isa = PBXBuildFile; fileRef = 7ECC35682807A05F00D23844 /* SimpleTests.swift */; };
		7ECC35732807A05F00D23844 /* SimpleUITests.swift in Sources */ = {isa = PBXBuildFile; fileRef = 7ECC35722807A05F00D23844 /* SimpleUITests.swift */; };
		7ECC35752807A05F00D23844 /* SimpleUITestsLaunchTests.swift in Sources */ = {isa = PBXBuildFile; fileRef = 7ECC35742807A05F00D23844 /* SimpleUITestsLaunchTests.swift */; };
		7ECC35832807A13500D23844 /* RootViewModel.swift in Sources */ = {isa = PBXBuildFile; fileRef = 7ECC35822807A13500D23844 /* RootViewModel.swift */; };
		7ECC35852807A14200D23844 /* RootView.swift in Sources */ = {isa = PBXBuildFile; fileRef = 7ECC35842807A14200D23844 /* RootView.swift */; };
		7ECC35892807A2CC00D23844 /* RootViewModelItem.swift in Sources */ = {isa = PBXBuildFile; fileRef = 7ECC35882807A2CC00D23844 /* RootViewModelItem.swift */; };
/* End PBXBuildFile section */

/* Begin PBXContainerItemProxy section */
		7ECC35652807A05F00D23844 /* PBXContainerItemProxy */ = {
			isa = PBXContainerItemProxy;
			containerPortal = 7ECC354C2807A05E00D23844 /* Project object */;
			proxyType = 1;
			remoteGlobalIDString = 7ECC35532807A05E00D23844;
			remoteInfo = Simple;
		};
		7ECC356F2807A05F00D23844 /* PBXContainerItemProxy */ = {
			isa = PBXContainerItemProxy;
			containerPortal = 7ECC354C2807A05E00D23844 /* Project object */;
			proxyType = 1;
			remoteGlobalIDString = 7ECC35532807A05E00D23844;
			remoteInfo = Simple;
		};
/* End PBXContainerItemProxy section */

/* Begin PBXFileReference section */
		7ECC35542807A05E00D23844 /* Simple.app */ = {isa = PBXFileReference; explicitFileType = wrapper.application; includeInIndex = 0; path = Simple.app; sourceTree = BUILT_PRODUCTS_DIR; };
		7ECC35572807A05E00D23844 /* SimpleApp.swift */ = {isa = PBXFileReference; lastKnownFileType = sourcecode.swift; path = SimpleApp.swift; sourceTree = "<group>"; };
		7ECC35592807A05E00D23844 /* ContentView.swift */ = {isa = PBXFileReference; lastKnownFileType = sourcecode.swift; path = ContentView.swift; sourceTree = "<group>"; };
		7ECC355B2807A05F00D23844 /* Assets.xcassets */ = {isa = PBXFileReference; lastKnownFileType = folder.assetcatalog; path = Assets.xcassets; sourceTree = "<group>"; };
		7ECC355E2807A05F00D23844 /* Preview Assets.xcassets */ = {isa = PBXFileReference; lastKnownFileType = folder.assetcatalog; path = "Preview Assets.xcassets"; sourceTree = "<group>"; };
		7ECC35642807A05F00D23844 /* SimpleTests.xctest */ = {isa = PBXFileReference; explicitFileType = wrapper.cfbundle; includeInIndex = 0; path = SimpleTests.xctest; sourceTree = BUILT_PRODUCTS_DIR; };
		7ECC35682807A05F00D23844 /* SimpleTests.swift */ = {isa = PBXFileReference; lastKnownFileType = sourcecode.swift; path = SimpleTests.swift; sourceTree = "<group>"; };
		7ECC356E2807A05F00D23844 /* SimpleUITests.xctest */ = {isa = PBXFileReference; explicitFileType = wrapper.cfbundle; includeInIndex = 0; path = SimpleUITests.xctest; sourceTree = BUILT_PRODUCTS_DIR; };
		7ECC35722807A05F00D23844 /* SimpleUITests.swift */ = {isa = PBXFileReference; lastKnownFileType = sourcecode.swift; path = SimpleUITests.swift; sourceTree = "<group>"; };
		7ECC35742807A05F00D23844 /* SimpleUITestsLaunchTests.swift */ = {isa = PBXFileReference; lastKnownFileType = sourcecode.swift; path = SimpleUITestsLaunchTests.swift; sourceTree = "<group>"; };
		7ECC35822807A13500D23844 /* RootViewModel.swift */ = {isa = PBXFileReference; lastKnownFileType = sourcecode.swift; path = RootViewModel.swift; sourceTree = "<group>"; };
		7ECC35842807A14200D23844 /* RootView.swift */ = {isa = PBXFileReference; lastKnownFileType = sourcecode.swift; path = RootView.swift; sourceTree = "<group>"; };
		7ECC35882807A2CC00D23844 /* RootViewModelItem.swift */ = {isa = PBXFileReference; lastKnownFileType = sourcecode.swift; path = RootViewModelItem.swift; sourceTree = "<group>"; };
/* End PBXFileReference section */

/* Begin PBXFrameworksBuildPhase section */
		7ECC35512807A05E00D23844 /* Frameworks */ = {
			isa = PBXFrameworksBuildPhase;
			buildActionMask = 2147483647;
			files = (
			);
			runOnlyForDeploymentPostprocessing = 0;
		};
		7ECC35612807A05F00D23844 /* Frameworks */ = {
			isa = PBXFrameworksBuildPhase;
			buildActionMask = 2147483647;
			files = (
			);
			runOnlyForDeploymentPostprocessing = 0;
		};
		7ECC356B2807A05F00D23844 /* Frameworks */ = {
			isa = PBXFrameworksBuildPhase;
			buildActionMask = 2147483647;
			files = (
			);
			runOnlyForDeploymentPostprocessing = 0;
		};
/* End PBXFrameworksBuildPhase section */

/* Begin PBXGroup section */
		7ECC354B2807A05E00D23844 = {
			isa = PBXGroup;
			children = (
				7ECC35562807A05E00D23844 /* Simple */,
				7ECC35672807A05F00D23844 /* SimpleTests */,
				7ECC35712807A05F00D23844 /* SimpleUITests */,
				7ECC35552807A05E00D23844 /* Products */,
			);
			sourceTree = "<group>";
		};
		7ECC35552807A05E00D23844 /* Products */ = {
			isa = PBXGroup;
			children = (
				7ECC35542807A05E00D23844 /* Simple.app */,
				7ECC35642807A05F00D23844 /* SimpleTests.xctest */,
				7ECC356E2807A05F00D23844 /* SimpleUITests.xctest */,
			);
			name = Products;
			sourceTree = "<group>";
		};
		7ECC35562807A05E00D23844 /* Simple */ = {
			isa = PBXGroup;
			children = (
				7ECC35812807A12400D23844 /* Root */,
				7ECC35572807A05E00D23844 /* SimpleApp.swift */,
				7ECC35592807A05E00D23844 /* ContentView.swift */,
				7ECC355B2807A05F00D23844 /* Assets.xcassets */,
				7ECC355D2807A05F00D23844 /* Preview Content */,
			);
			path = Simple;
			sourceTree = "<group>";
		};
		7ECC355D2807A05F00D23844 /* Preview Content */ = {
			isa = PBXGroup;
			children = (
				7ECC355E2807A05F00D23844 /* Preview Assets.xcassets */,
			);
			path = "Preview Content";
			sourceTree = "<group>";
		};
		7ECC35672807A05F00D23844 /* SimpleTests */ = {
			isa = PBXGroup;
			children = (
				7ECC35682807A05F00D23844 /* SimpleTests.swift */,
			);
			path = SimpleTests;
			sourceTree = "<group>";
		};
		7ECC35712807A05F00D23844 /* SimpleUITests */ = {
			isa = PBXGroup;
			children = (
				7ECC35722807A05F00D23844 /* SimpleUITests.swift */,
				7ECC35742807A05F00D23844 /* SimpleUITestsLaunchTests.swift */,
			);
			path = SimpleUITests;
			sourceTree = "<group>";
		};
		7ECC35812807A12400D23844 /* Root */ = {
			isa = PBXGroup;
			children = (
				7ECC35872807A29600D23844 /* ViewModel */,
				7ECC35862807A28A00D23844 /* View */,
			);
			path = Root;
			sourceTree = "<group>";
		};
		7ECC35862807A28A00D23844 /* View */ = {
			isa = PBXGroup;
			children = (
				7ECC35842807A14200D23844 /* RootView.swift */,
			);
			path = View;
			sourceTree = "<group>";
		};
		7ECC35872807A29600D23844 /* ViewModel */ = {
			isa = PBXGroup;
			children = (
				7ECC35822807A13500D23844 /* RootViewModel.swift */,
				7ECC35882807A2CC00D23844 /* RootViewModelItem.swift */,
			);
			path = ViewModel;
			sourceTree = "<group>";
		};
/* End PBXGroup section */

/* Begin PBXNativeTarget section */
		7ECC35532807A05E00D23844 /* Simple */ = {
			isa = PBXNativeTarget;
			buildConfigurationList = 7ECC35782807A05F00D23844 /* Build configuration list for PBXNativeTarget "Simple" */;
			buildPhases = (
				7ECC35502807A05E00D23844 /* Sources */,
				7ECC35512807A05E00D23844 /* Frameworks */,
				7ECC35522807A05E00D23844 /* Resources */,
			);
			buildRules = (
			);
			dependencies = (
			);
			name = Simple;
			productName = Simple;
			productReference = 7ECC35542807A05E00D23844 /* Simple.app */;
			productType = "com.apple.product-type.application";
		};
		7ECC35632807A05F00D23844 /* SimpleTests */ = {
			isa = PBXNativeTarget;
			buildConfigurationList = 7ECC357B2807A05F00D23844 /* Build configuration list for PBXNativeTarget "SimpleTests" */;
			buildPhases = (
				7ECC35602807A05F00D23844 /* Sources */,
				7ECC35612807A05F00D23844 /* Frameworks */,
				7ECC35622807A05F00D23844 /* Resources */,
			);
			buildRules = (
			);
			dependencies = (
				7ECC35662807A05F00D23844 /* PBXTargetDependency */,
			);
			name = SimpleTests;
			productName = SimpleTests;
			productReference = 7ECC35642807A05F00D23844 /* SimpleTests.xctest */;
			productType = "com.apple.product-type.bundle.unit-test";
		};
		7ECC356D2807A05F00D23844 /* SimpleUITests */ = {
			isa = PBXNativeTarget;
			buildConfigurationList = 7ECC357E2807A05F00D23844 /* Build configuration list for PBXNativeTarget "SimpleUITests" */;
			buildPhases = (
				7ECC356A2807A05F00D23844 /* Sources */,
				7ECC356B2807A05F00D23844 /* Frameworks */,
				7ECC356C2807A05F00D23844 /* Resources */,
			);
			buildRules = (
			);
			dependencies = (
				7ECC35702807A05F00D23844 /* PBXTargetDependency */,
			);
			name = SimpleUITests;
			productName = SimpleUITests;
			productReference = 7ECC356E2807A05F00D23844 /* SimpleUITests.xctest */;
			productType = "com.apple.product-type.bundle.ui-testing";
		};
/* End PBXNativeTarget section */

/* Begin PBXProject section */
		7ECC354C2807A05E00D23844 /* Project object */ = {
			isa = PBXProject;
			attributes = {
				BuildIndependentTargetsInParallel = 1;
				LastSwiftUpdateCheck = 1320;
				LastUpgradeCheck = 1320;
				TargetAttributes = {
					7ECC35532807A05E00D23844 = {
						CreatedOnToolsVersion = 13.2.1;
					};
					7ECC35632807A05F00D23844 = {
						CreatedOnToolsVersion = 13.2.1;
						TestTargetID = 7ECC35532807A05E00D23844;
					};
					7ECC356D2807A05F00D23844 = {
						CreatedOnToolsVersion = 13.2.1;
						TestTargetID = 7ECC35532807A05E00D23844;
					};
				};
			};
			buildConfigurationList = 7ECC354F2807A05E00D23844 /* Build configuration list for PBXProject "Simple" */;
			compatibilityVersion = "Xcode 13.0";
			developmentRegion = en;
			hasScannedForEncodings = 0;
			knownRegions = (
				en,
				Base,
			);
			mainGroup = 7ECC354B2807A05E00D23844;
			productRefGroup = 7ECC35552807A05E00D23844 /* Products */;
			projectDirPath = "";
			projectRoot = "";
			targets = (
				7ECC35532807A05E00D23844 /* Simple */,
				7ECC35632807A05F00D23844 /* SimpleTests */,
				7ECC356D2807A05F00D23844 /* SimpleUITests */,
			);
		};
/* End PBXProject section */

/* Begin PBXResourcesBuildPhase section */
		7ECC35522807A05E00D23844 /* Resources */ = {
			isa = PBXResourcesBuildPhase;
			buildActionMask = 2147483647;
			files = (
				7ECC355F2807A05F00D23844 /* Preview Assets.xcassets in Resources */,
				7ECC355C2807A05F00D23844 /* Assets.xcassets in Resources */,
			);
			runOnlyForDeploymentPostprocessing = 0;
		};
		7ECC35622807A05F00D23844 /* Resources */ = {
			isa = PBXResourcesBuildPhase;
			buildActionMask = 2147483647;
			files = (
			);
			runOnlyForDeploymentPostprocessing = 0;
		};
		7ECC356C2807A05F00D23844 /* Resources */ = {
			isa = PBXResourcesBuildPhase;
			buildActionMask = 2147483647;
			files = (
			);
			runOnlyForDeploymentPostprocessing = 0;
		};
/* End PBXResourcesBuildPhase section */

/* Begin PBXSourcesBuildPhase section */
		7ECC35502807A05E00D23844 /* Sources */ = {
			isa = PBXSourcesBuildPhase;
			buildActionMask = 2147483647;
			files = (
				7ECC35892807A2CC00D23844 /* RootViewModelItem.swift in Sources */,
				7ECC35852807A14200D23844 /* RootView.swift in Sources */,
				7ECC355A2807A05E00D23844 /* ContentView.swift in Sources */,
				7ECC35832807A13500D23844 /* RootViewModel.swift in Sources */,
				7ECC35582807A05E00D23844 /* SimpleApp.swift in Sources */,
			);
			runOnlyForDeploymentPostprocessing = 0;
		};
		7ECC35602807A05F00D23844 /* Sources */ = {
			isa = PBXSourcesBuildPhase;
			buildActionMask = 2147483647;
			files = (
				7ECC35692807A05F00D23844 /* SimpleTests.swift in Sources */,
			);
			runOnlyForDeploymentPostprocessing = 0;
		};
		7ECC356A2807A05F00D23844 /* Sources */ = {
			isa = PBXSourcesBuildPhase;
			buildActionMask = 2147483647;
			files = (
				7ECC35752807A05F00D23844 /* SimpleUITestsLaunchTests.swift in Sources */,
				7ECC35732807A05F00D23844 /* SimpleUITests.swift in Sources */,
			);
			runOnlyForDeploymentPostprocessing = 0;
		};
/* End PBXSourcesBuildPhase section */

/* Begin PBXTargetDependency section */
		7ECC35662807A05F00D23844 /* PBXTargetDependency */ = {
			isa = PBXTargetDependency;
			target = 7ECC35532807A05E00D23844 /* Simple */;
			targetProxy = 7ECC35652807A05F00D23844 /* PBXContainerItemProxy */;
		};
		7ECC35702807A05F00D23844 /* PBXTargetDependency */ = {
			isa = PBXTargetDependency;
			target = 7ECC35532807A05E00D23844 /* Simple */;
			targetProxy = 7ECC356F2807A05F00D23844 /* PBXContainerItemProxy */;
		};
/* End PBXTargetDependency section */

/* Begin XCBuildConfiguration section */
		7ECC35762807A05F00D23844 /* Debug */ = {
			isa = XCBuildConfiguration;
			buildSettings = {
				ALWAYS_SEARCH_USER_PATHS = NO;
				CLANG_ANALYZER_NONNULL = YES;
				CLANG_ANALYZER_NUMBER_OBJECT_CONVERSION = YES_AGGRESSIVE;
				CLANG_CXX_LANGUAGE_STANDARD = "gnu++17";
				CLANG_CXX_LIBRARY = "libc++";
				CLANG_ENABLE_MODULES = YES;
				CLANG_ENABLE_OBJC_ARC = YES;
				CLANG_ENABLE_OBJC_WEAK = YES;
				CLANG_WARN_BLOCK_CAPTURE_AUTORELEASING = YES;
				CLANG_WARN_BOOL_CONVERSION = YES;
				CLANG_WARN_COMMA = YES;
				CLANG_WARN_CONSTANT_CONVERSION = YES;
				CLANG_WARN_DEPRECATED_OBJC_IMPLEMENTATIONS = YES;
				CLANG_WARN_DIRECT_OBJC_ISA_USAGE = YES_ERROR;
				CLANG_WARN_DOCUMENTATION_COMMENTS = YES;
				CLANG_WARN_EMPTY_BODY = YES;
				CLANG_WARN_ENUM_CONVERSION = YES;
				CLANG_WARN_INFINITE_RECURSION = YES;
				CLANG_WARN_INT_CONVERSION = YES;
				CLANG_WARN_NON_LITERAL_NULL_CONVERSION = YES;
				CLANG_WARN_OBJC_IMPLICIT_RETAIN_SELF = YES;
				CLANG_WARN_OBJC_LITERAL_CONVERSION = YES;
				CLANG_WARN_OBJC_ROOT_CLASS = YES_ERROR;
				CLANG_WARN_QUOTED_INCLUDE_IN_FRAMEWORK_HEADER = YES;
				CLANG_WARN_RANGE_LOOP_ANALYSIS = YES;
				CLANG_WARN_STRICT_PROTOTYPES = YES;
				CLANG_WARN_SUSPICIOUS_MOVE = YES;
				CLANG_WARN_UNGUARDED_AVAILABILITY = YES_AGGRESSIVE;
				CLANG_WARN_UNREACHABLE_CODE = YES;
				CLANG_WARN__DUPLICATE_METHOD_MATCH = YES;
				COPY_PHASE_STRIP = NO;
				DEBUG_INFORMATION_FORMAT = dwarf;
				ENABLE_STRICT_OBJC_MSGSEND = YES;
				ENABLE_TESTABILITY = YES;
				GCC_C_LANGUAGE_STANDARD = gnu11;
				GCC_DYNAMIC_NO_PIC = NO;
				GCC_NO_COMMON_BLOCKS = YES;
				GCC_OPTIMIZATION_LEVEL = 0;
				GCC_PREPROCESSOR_DEFINITIONS = (
					"DEBUG=1",
					"$(inherited)",
				);
				GCC_WARN_64_TO_32_BIT_CONVERSION = YES;
				GCC_WARN_ABOUT_RETURN_TYPE = YES_ERROR;
				GCC_WARN_UNDECLARED_SELECTOR = YES;
				GCC_WARN_UNINITIALIZED_AUTOS = YES_AGGRESSIVE;
				GCC_WARN_UNUSED_FUNCTION = YES;
				GCC_WARN_UNUSED_VARIABLE = YES;
				IPHONEOS_DEPLOYMENT_TARGET = 15.2;
				MTL_ENABLE_DEBUG_INFO = INCLUDE_SOURCE;
				MTL_FAST_MATH = YES;
				ONLY_ACTIVE_ARCH = YES;
				SDKROOT = iphoneos;
				SWIFT_ACTIVE_COMPILATION_CONDITIONS = DEBUG;
				SWIFT_OPTIMIZATION_LEVEL = "-Onone";
			};
			name = Debug;
		};
		7ECC35772807A05F00D23844 /* Release */ = {
			isa = XCBuildConfiguration;
			buildSettings = {
				ALWAYS_SEARCH_USER_PATHS = NO;
				CLANG_ANALYZER_NONNULL = YES;
				CLANG_ANALYZER_NUMBER_OBJECT_CONVERSION = YES_AGGRESSIVE;
				CLANG_CXX_LANGUAGE_STANDARD = "gnu++17";
				CLANG_CXX_LIBRARY = "libc++";
				CLANG_ENABLE_MODULES = YES;
				CLANG_ENABLE_OBJC_ARC = YES;
				CLANG_ENABLE_OBJC_WEAK = YES;
				CLANG_WARN_BLOCK_CAPTURE_AUTORELEASING = YES;
				CLANG_WARN_BOOL_CONVERSION = YES;
				CLANG_WARN_COMMA = YES;
				CLANG_WARN_CONSTANT_CONVERSION = YES;
				CLANG_WARN_DEPRECATED_OBJC_IMPLEMENTATIONS = YES;
				CLANG_WARN_DIRECT_OBJC_ISA_USAGE = YES_ERROR;
				CLANG_WARN_DOCUMENTATION_COMMENTS = YES;
				CLANG_WARN_EMPTY_BODY = YES;
				CLANG_WARN_ENUM_CONVERSION = YES;
				CLANG_WARN_INFINITE_RECURSION = YES;
				CLANG_WARN_INT_CONVERSION = YES;
				CLANG_WARN_NON_LITERAL_NULL_CONVERSION = YES;
				CLANG_WARN_OBJC_IMPLICIT_RETAIN_SELF = YES;
				CLANG_WARN_OBJC_LITERAL_CONVERSION = YES;
				CLANG_WARN_OBJC_ROOT_CLASS = YES_ERROR;
				CLANG_WARN_QUOTED_INCLUDE_IN_FRAMEWORK_HEADER = YES;
				CLANG_WARN_RANGE_LOOP_ANALYSIS = YES;
				CLANG_WARN_STRICT_PROTOTYPES = YES;
				CLANG_WARN_SUSPICIOUS_MOVE = YES;
				CLANG_WARN_UNGUARDED_AVAILABILITY = YES_AGGRESSIVE;
				CLANG_WARN_UNREACHABLE_CODE = YES;
				CLANG_WARN__DUPLICATE_METHOD_MATCH = YES;
				COPY_PHASE_STRIP = NO;
				DEBUG_INFORMATION_FORMAT = "dwarf-with-dsym";
				ENABLE_NS_ASSERTIONS = NO;
				ENABLE_STRICT_OBJC_MSGSEND = YES;
				GCC_C_LANGUAGE_STANDARD = gnu11;
				GCC_NO_COMMON_BLOCKS = YES;
				GCC_WARN_64_TO_32_BIT_CONVERSION = YES;
				GCC_WARN_ABOUT_RETURN_TYPE = YES_ERROR;
				GCC_WARN_UNDECLARED_SELECTOR = YES;
				GCC_WARN_UNINITIALIZED_AUTOS = YES_AGGRESSIVE;
				GCC_WARN_UNUSED_FUNCTION = YES;
				GCC_WARN_UNUSED_VARIABLE = YES;
				IPHONEOS_DEPLOYMENT_TARGET = 15.2;
				MTL_ENABLE_DEBUG_INFO = NO;
				MTL_FAST_MATH = YES;
				SDKROOT = iphoneos;
				SWIFT_COMPILATION_MODE = wholemodule;
				SWIFT_OPTIMIZATION_LEVEL = "-O";
				VALIDATE_PRODUCT = YES;
			};
			name = Release;
		};
		7ECC35792807A05F00D23844 /* Debug */ = {
			isa = XCBuildConfiguration;
			buildSettings = {
				ASSETCATALOG_COMPILER_APPICON_NAME = AppIcon;
				ASSETCATALOG_COMPILER_GLOBAL_ACCENT_COLOR_NAME = AccentColor;
				CODE_SIGN_STYLE = Automatic;
				CURRENT_PROJECT_VERSION = 1;
				DEVELOPMENT_ASSET_PATHS = "\"Simple/Preview Content\"";
				DEVELOPMENT_TEAM = S4K8QNVVRR;
				ENABLE_PREVIEWS = YES;
				GENERATE_INFOPLIST_FILE = YES;
				INFOPLIST_KEY_UIApplicationSceneManifest_Generation = YES;
				INFOPLIST_KEY_UIApplicationSupportsIndirectInputEvents = YES;
				INFOPLIST_KEY_UILaunchScreen_Generation = YES;
				INFOPLIST_KEY_UISupportedInterfaceOrientations_iPad = "UIInterfaceOrientationPortrait UIInterfaceOrientationPortraitUpsideDown UIInterfaceOrientationLandscapeLeft UIInterfaceOrientationLandscapeRight";
				INFOPLIST_KEY_UISupportedInterfaceOrientations_iPhone = "UIInterfaceOrientationPortrait UIInterfaceOrientationLandscapeLeft UIInterfaceOrientationLandscapeRight";
				LD_RUNPATH_SEARCH_PATHS = (
					"$(inherited)",
					"@executable_path/Frameworks",
				);
				MARKETING_VERSION = 1.0;
				PRODUCT_BUNDLE_IDENTIFIER = com.meandlife.Simple;
				PRODUCT_NAME = "$(TARGET_NAME)";
				SWIFT_EMIT_LOC_STRINGS = YES;
				SWIFT_VERSION = 5.0;
				TARGETED_DEVICE_FAMILY = "1,2";
			};
			name = Debug;
		};
		7ECC357A2807A05F00D23844 /* Release */ = {
			isa = XCBuildConfiguration;
			buildSettings = {
				ASSETCATALOG_COMPILER_APPICON_NAME = AppIcon;
				ASSETCATALOG_COMPILER_GLOBAL_ACCENT_COLOR_NAME = AccentColor;
				CODE_SIGN_STYLE = Automatic;
				CURRENT_PROJECT_VERSION = 1;
				DEVELOPMENT_ASSET_PATHS = "\"Simple/Preview Content\"";
				DEVELOPMENT_TEAM = S4K8QNVVRR;
				ENABLE_PREVIEWS = YES;
				GENERATE_INFOPLIST_FILE = YES;
				INFOPLIST_KEY_UIApplicationSceneManifest_Generation = YES;
				INFOPLIST_KEY_UIApplicationSupportsIndirectInputEvents = YES;
				INFOPLIST_KEY_UILaunchScreen_Generation = YES;
				INFOPLIST_KEY_UISupportedInterfaceOrientations_iPad = "UIInterfaceOrientationPortrait UIInterfaceOrientationPortraitUpsideDown UIInterfaceOrientationLandscapeLeft UIInterfaceOrientationLandscapeRight";
				INFOPLIST_KEY_UISupportedInterfaceOrientations_iPhone = "UIInterfaceOrientationPortrait UIInterfaceOrientationLandscapeLeft UIInterfaceOrientationLandscapeRight";
				LD_RUNPATH_SEARCH_PATHS = (
					"$(inherited)",
					"@executable_path/Frameworks",
				);
				MARKETING_VERSION = 1.0;
				PRODUCT_BUNDLE_IDENTIFIER = com.meandlife.Simple;
				PRODUCT_NAME = "$(TARGET_NAME)";
				SWIFT_EMIT_LOC_STRINGS = YES;
				SWIFT_VERSION = 5.0;
				TARGETED_DEVICE_FAMILY = "1,2";
			};
			name = Release;
		};
		7ECC357C2807A05F00D23844 /* Debug */ = {
			isa = XCBuildConfiguration;
			buildSettings = {
				ALWAYS_EMBED_SWIFT_STANDARD_LIBRARIES = YES;
				BUNDLE_LOADER = "$(TEST_HOST)";
				CODE_SIGN_STYLE = Automatic;
				CURRENT_PROJECT_VERSION = 1;
				DEVELOPMENT_TEAM = S4K8QNVVRR;
				GENERATE_INFOPLIST_FILE = YES;
				IPHONEOS_DEPLOYMENT_TARGET = 15.2;
				MARKETING_VERSION = 1.0;
				PRODUCT_BUNDLE_IDENTIFIER = com.meandlife.SimpleTests;
				PRODUCT_NAME = "$(TARGET_NAME)";
				SWIFT_EMIT_LOC_STRINGS = NO;
				SWIFT_VERSION = 5.0;
				TARGETED_DEVICE_FAMILY = "1,2";
				TEST_HOST = "$(BUILT_PRODUCTS_DIR)/Simple.app/Simple";
			};
			name = Debug;
		};
		7ECC357D2807A05F00D23844 /* Release */ = {
			isa = XCBuildConfiguration;
			buildSettings = {
				ALWAYS_EMBED_SWIFT_STANDARD_LIBRARIES = YES;
				BUNDLE_LOADER = "$(TEST_HOST)";
				CODE_SIGN_STYLE = Automatic;
				CURRENT_PROJECT_VERSION = 1;
				DEVELOPMENT_TEAM = S4K8QNVVRR;
				GENERATE_INFOPLIST_FILE = YES;
				IPHONEOS_DEPLOYMENT_TARGET = 15.2;
				MARKETING_VERSION = 1.0;
				PRODUCT_BUNDLE_IDENTIFIER = com.meandlife.SimpleTests;
				PRODUCT_NAME = "$(TARGET_NAME)";
				SWIFT_EMIT_LOC_STRINGS = NO;
				SWIFT_VERSION = 5.0;
				TARGETED_DEVICE_FAMILY = "1,2";
				TEST_HOST = "$(BUILT_PRODUCTS_DIR)/Simple.app/Simple";
			};
			name = Release;
		};
		7ECC357F2807A05F00D23844 /* Debug */ = {
			isa = XCBuildConfiguration;
			buildSettings = {
				ALWAYS_EMBED_SWIFT_STANDARD_LIBRARIES = YES;
				CODE_SIGN_STYLE = Automatic;
				CURRENT_PROJECT_VERSION = 1;
				DEVELOPMENT_TEAM = S4K8QNVVRR;
				GENERATE_INFOPLIST_FILE = YES;
				MARKETING_VERSION = 1.0;
				PRODUCT_BUNDLE_IDENTIFIER = com.meandlife.SimpleUITests;
				PRODUCT_NAME = "$(TARGET_NAME)";
				SWIFT_EMIT_LOC_STRINGS = NO;
				SWIFT_VERSION = 5.0;
				TARGETED_DEVICE_FAMILY = "1,2";
				TEST_TARGET_NAME = Simple;
			};
			name = Debug;
		};
		7ECC35802807A05F00D23844 /* Release */ = {
			isa = XCBuildConfiguration;
			buildSettings = {
				ALWAYS_EMBED_SWIFT_STANDARD_LIBRARIES = YES;
				CODE_SIGN_STYLE = Automatic;
				CURRENT_PROJECT_VERSION = 1;
				DEVELOPMENT_TEAM = S4K8QNVVRR;
				GENERATE_INFOPLIST_FILE = YES;
				MARKETING_VERSION = 1.0;
				PRODUCT_BUNDLE_IDENTIFIER = com.meandlife.SimpleUITests;
				PRODUCT_NAME = "$(TARGET_NAME)";
				SWIFT_EMIT_LOC_STRINGS = NO;
				SWIFT_VERSION = 5.0;
				TARGETED_DEVICE_FAMILY = "1,2";
				TEST_TARGET_NAME = Simple;
			};
			name = Release;
		};
/* End XCBuildConfiguration section */

/* Begin XCConfigurationList section */
		7ECC354F2807A05E00D23844 /* Build configuration list for PBXProject "Simple" */ = {
			isa = XCConfigurationList;
			buildConfigurations = (
				7ECC35762807A05F00D23844 /* Debug */,
				7ECC35772807A05F00D23844 /* Release */,
			);
			defaultConfigurationIsVisible = 0;
			defaultConfigurationName = Release;
		};
		7ECC35782807A05F00D23844 /* Build configuration list for PBXNativeTarget "Simple" */ = {
			isa = XCConfigurationList;
			buildConfigurations = (
				7ECC35792807A05F00D23844 /* Debug */,
				7ECC357A2807A05F00D23844 /* Release */,
			);
			defaultConfigurationIsVisible = 0;
			defaultConfigurationName = Release;
		};
		7ECC357B2807A05F00D23844 /* Build configuration list for PBXNativeTarget "SimpleTests" */ = {
			isa = XCConfigurationList;
			buildConfigurations = (
				7ECC357C2807A05F00D23844 /* Debug */,
				7ECC357D2807A05F00D23844 /* Release */,
			);
			defaultConfigurationIsVisible = 0;
			defaultConfigurationName = Release;
		};
		7ECC357E2807A05F00D23844 /* Build configuration list for PBXNativeTarget "SimpleUITests" */ = {
			isa = XCConfigurationList;
			buildConfigurations = (
				7ECC357F2807A05F00D23844 /* Debug */,
				7ECC35802807A05F00D23844 /* Release */,
			);
			defaultConfigurationIsVisible = 0;
			defaultConfigurationName = Release;
		};
/* End XCConfigurationList section */
	};
	rootObject = 7ECC354C2807A05E00D23844 /* Project object */;
}
